
Microsoft Visual Studio Solution File, Format Version 12.00
# Visual Studio Version 16
VisualStudioVersion = 16.0.31729.503
MinimumVisualStudioVersion = 10.0.40219.1
Project("{FAE04EC0-301F-11D3-BF4B-00C04F79EFBC}") = "URLShortener", "URLShortener\URLShortener.csproj", "{920F751A-0E19-45C9-9954-9DB6F40E560C}"
EndProject
Global
	GlobalSection(SolutionConfigurationPlatforms) = preSolution
		Debug|Any CPU = Debug|Any CPU
		Release|Any CPU = Release|Any CPU
	EndGlobalSection
	GlobalSection(ProjectConfigurationPlatforms) = postSolution
		{920F751A-0E19-45C9-9954-9DB6F40E560C}.Debug|Any CPU.ActiveCfg = Debug|Any CPU
		{920F751A-0E19-45C9-9954-9DB6F40E560C}.Debug|Any CPU.Build.0 = Debug|Any CPU
		{920F751A-0E19-45C9-9954-9DB6F40E560C}.Release|Any CPU.ActiveCfg = Release|Any CPU
		{920F751A-0E19-45C9-9954-9DB6F40E560C}.Release|Any CPU.Build.0 = Release|Any CPU
	EndGlobalSection
	GlobalSection(SolutionProperties) = preSolution
		HideSolutionNode = FALSE
	EndGlobalSection
	GlobalSection(ExtensibilityGlobals) = postSolution
		SolutionGuid = {37C60DB7-8334-49BC-9F0B-EC582AE2E46D}
	EndGlobalSection
EndGlobal
